
Microsoft Visual Studio Solution File, Format Version 12.00
# Visual Studio Version 17
VisualStudioVersion = 17.7.34003.232
MinimumVisualStudioVersion = 10.0.40219.1
Project("{FAE04EC0-301F-11D3-BF4B-00C04F79EFBC}") = "HospitalSystem", "HospitalSystem.csproj", "{B74C5458-0BB2-4591-804A-A5FB95CFA28A}"
EndProject
Global
	GlobalSection(SolutionConfigurationPlatforms) = preSolution
		Debug|Any CPU = Debug|Any CPU
		Release|Any CPU = Release|Any CPU
	EndGlobalSection
	GlobalSection(ProjectConfigurationPlatforms) = postSolution
		{B74C5458-0BB2-4591-804A-A5FB95CFA28A}.Debug|Any CPU.ActiveCfg = Debug|Any CPU
		{B74C5458-0BB2-4591-804A-A5FB95CFA28A}.Debug|Any CPU.Build.0 = Debug|Any CPU
		{B74C5458-0BB2-4591-804A-A5FB95CFA28A}.Release|Any CPU.ActiveCfg = Release|Any CPU
		{B74C5458-0BB2-4591-804A-A5FB95CFA28A}.Release|Any CPU.Build.0 = Release|Any CPU
	EndGlobalSection
	GlobalSection(SolutionProperties) = preSolution
		HideSolutionNode = FALSE
	EndGlobalSection
	GlobalSection(ExtensibilityGlobals) = postSolution
		SolutionGuid = {12F82E95-01C7-456E-85B4-1EB9BA5C11CF}
	EndGlobalSection
EndGlobal
